
Microsoft Visual Studio Solution File, Format Version 12.00
# Visual Studio 2013
VisualStudioVersion = 12.0.31101.0
MinimumVisualStudioVersion = 10.0.40219.1
Project("{FAE04EC0-301F-11D3-BF4B-00C04F79EFBC}") = "BasicKinect-WPF", "BasicKinect-WPF\BasicKinect-WPF.csproj", "{36DD62D7-8FEC-4BAE-9D4D-8566A5A041B3}"
EndProject
Global
	GlobalSection(SolutionConfigurationPlatforms) = preSolution
		Debug|Any CPU = Debug|Any CPU
		Release|Any CPU = Release|Any CPU
	EndGlobalSection
	GlobalSection(ProjectConfigurationPlatforms) = postSolution
		{36DD62D7-8FEC-4BAE-9D4D-8566A5A041B3}.Debug|Any CPU.ActiveCfg = Debug|Any CPU
		{36DD62D7-8FEC-4BAE-9D4D-8566A5A041B3}.Debug|Any CPU.Build.0 = Debug|Any CPU
		{36DD62D7-8FEC-4BAE-9D4D-8566A5A041B3}.Release|Any CPU.ActiveCfg = Release|Any CPU
		{36DD62D7-8FEC-4BAE-9D4D-8566A5A041B3}.Release|Any CPU.Build.0 = Release|Any CPU
	EndGlobalSection
	GlobalSection(SolutionProperties) = preSolution
		HideSolutionNode = FALSE
	EndGlobalSection
EndGlobal
